
Microsoft Visual Studio Solution File, Format Version 12.00
# Visual Studio 2012
Project("{FAE04EC0-301F-11D3-BF4B-00C04F79EFBC}") = "StatsRedis", "StatsRedis\StatsRedis.csproj", "{D50F4DB7-FC94-46C5-85CD-25A9D6DBEAD9}"
EndProject
Global
	GlobalSection(SolutionConfigurationPlatforms) = preSolution
		Debug|Any CPU = Debug|Any CPU
		Release|Any CPU = Release|Any CPU
	EndGlobalSection
	GlobalSection(ProjectConfigurationPlatforms) = postSolution
		{D50F4DB7-FC94-46C5-85CD-25A9D6DBEAD9}.Debug|Any CPU.ActiveCfg = Debug|Any CPU
		{D50F4DB7-FC94-46C5-85CD-25A9D6DBEAD9}.Debug|Any CPU.Build.0 = Debug|Any CPU
		{D50F4DB7-FC94-46C5-85CD-25A9D6DBEAD9}.Release|Any CPU.ActiveCfg = Release|Any CPU
		{D50F4DB7-FC94-46C5-85CD-25A9D6DBEAD9}.Release|Any CPU.Build.0 = Release|Any CPU
	EndGlobalSection
	GlobalSection(SolutionProperties) = preSolution
		HideSolutionNode = FALSE
	EndGlobalSection
EndGlobal
